{
  "name": "deno.ns",
  "version": "0.3.1",
  "lockfileVersion": 2,
  "requires": true,
  "packages": {
    "": {
      "version": "0.3.1",
      "license": "MIT",
      "dependencies": {
        "formdata-node": "^3.6.3",
        "undici-fetch": "^1.0.0-rc.4"
      },
      "devDependencies": {
        "@types/node": "^16.4.13",
        "typescript": "^4.3.5"
      }
    },
    "node_modules/@types/node": {
      "version": "16.4.13",
      "resolved": "https://registry.npmjs.org/@types/node/-/node-16.4.13.tgz",
      "integrity": "sha512-bLL69sKtd25w7p1nvg9pigE4gtKVpGTPojBFLMkGHXuUgap2sLqQt2qUnqmVCDfzGUL0DRNZP+1prIZJbMeAXg==",
      "dev": true
    },
    "node_modules/fetch-blob": {
      "version": "2.1.2",
      "resolved": "https://registry.npmjs.org/fetch-blob/-/fetch-blob-2.1.2.tgz",
      "integrity": "sha512-YKqtUDwqLyfyMnmbw8XD6Q8j9i/HggKtPEI+pZ1+8bvheBu78biSmNaXWusx1TauGqtUUGx/cBb1mKdq2rLYow==",
      "engines": {
        "node": "^10.17.0 || >=12.3.0"
      },
      "peerDependenciesMeta": {
        "domexception": {
          "optional": true
        }
      }
    },
    "node_modules/form-data-encoder": {
      "version": "1.4.0",
      "resolved": "https://registry.npmjs.org/form-data-encoder/-/form-data-encoder-1.4.0.tgz",
      "integrity": "sha512-H54s9sqy0YkwaTtiPjce9GmmpVCuM9gu09lx4hkEBna2zmEBwVUz8XCpoIC2lhTuM9grpNgUc4AiBXScDffMOQ=="
    },
    "node_modules/formdata-node": {
      "version": "3.6.3",
      "resolved": "https://registry.npmjs.org/formdata-node/-/formdata-node-3.6.3.tgz",
      "integrity": "sha512-1kuwXsWIgTV9k5hL6i2cW5KOuQqmbkOMqYMw2XB+WRKBVq/RFMJvu/8qc3fjPFcBImBIGkSwIJim1JbAZVOFuQ==",
      "dependencies": {
        "fetch-blob": "2.1.2",
        "form-data-encoder": "1.4.0",
        "node-domexception": "1.0.0"
      },
      "engines": {
        "node": ">= 12.4"
      }
    },
    "node_modules/node-domexception": {
      "version": "1.0.0",
      "resolved": "https://registry.npmjs.org/node-domexception/-/node-domexception-1.0.0.tgz",
      "integrity": "sha512-/jKZoMpw0F8GRwl4/eLROPA3cfcXtLApP0QzLmUT/HuPCZWyB7IY9ZrMeKw2O/nFIqPQB3PVM9aYm0F312AXDQ==",
      "funding": [
        {
          "type": "github",
          "url": "https://github.com/sponsors/jimmywarting"
        },
        {
          "type": "github",
          "url": "https://paypal.me/jimmywarting"
        }
      ],
      "engines": {
        "node": ">=10.5.0"
      }
    },
    "node_modules/typescript": {
      "version": "4.3.5",
      "resolved": "https://registry.npmjs.org/typescript/-/typescript-4.3.5.tgz",
      "integrity": "sha512-DqQgihaQ9cUrskJo9kIyW/+g0Vxsk8cDtZ52a3NGh0YNTfpUSArXSohyUGnvbPazEPLu398C0UxmKSOrPumUzA==",
      "dev": true,
      "bin": {
        "tsc": "bin/tsc",
        "tsserver": "bin/tsserver"
      },
      "engines": {
        "node": ">=4.2.0"
      }
    },
    "node_modules/undici": {
      "version": "4.3.1",
      "resolved": "https://registry.npmjs.org/undici/-/undici-4.3.1.tgz",
      "integrity": "sha512-Oy61gPuXBE4Em/1t8QeKOSHGSqbPHLW1iRbCztbyHuKusz5j7d7b4Z9Xi8b7yFqHyCNe57SSDjBgmSUjfPCymw==",
      "engines": {
        "node": ">=12.18"
      }
    },
    "node_modules/undici-fetch": {
      "version": "1.0.0-rc.4",
      "resolved": "https://registry.npmjs.org/undici-fetch/-/undici-fetch-1.0.0-rc.4.tgz",
      "integrity": "sha512-+F9lSstpd0YJkBBAMe1UXlUVeadsd/AJrB0643smYHcKAdwCtoBVWfoFO0ibk1sA1BEFH7himsWC5aHLomGK0g==",
      "dependencies": {
        "undici": "^4.0.0"
      },
      "engines": {
        "node": ">=14.0.0"
      }
    }
  },
  "dependencies": {
    "@types/node": {
      "version": "16.4.13",
      "resolved": "https://registry.npmjs.org/@types/node/-/node-16.4.13.tgz",
      "integrity": "sha512-bLL69sKtd25w7p1nvg9pigE4gtKVpGTPojBFLMkGHXuUgap2sLqQt2qUnqmVCDfzGUL0DRNZP+1prIZJbMeAXg==",
      "dev": true
    },
    "fetch-blob": {
      "version": "2.1.2",
      "resolved": "https://registry.npmjs.org/fetch-blob/-/fetch-blob-2.1.2.tgz",
      "integrity": "sha512-YKqtUDwqLyfyMnmbw8XD6Q8j9i/HggKtPEI+pZ1+8bvheBu78biSmNaXWusx1TauGqtUUGx/cBb1mKdq2rLYow=="
    },
    "form-data-encoder": {
      "version": "1.4.0",
      "resolved": "https://registry.npmjs.org/form-data-encoder/-/form-data-encoder-1.4.0.tgz",
      "integrity": "sha512-H54s9sqy0YkwaTtiPjce9GmmpVCuM9gu09lx4hkEBna2zmEBwVUz8XCpoIC2lhTuM9grpNgUc4AiBXScDffMOQ=="
    },
    "formdata-node": {
      "version": "3.6.3",
      "resolved": "https://registry.npmjs.org/formdata-node/-/formdata-node-3.6.3.tgz",
      "integrity": "sha512-1kuwXsWIgTV9k5hL6i2cW5KOuQqmbkOMqYMw2XB+WRKBVq/RFMJvu/8qc3fjPFcBImBIGkSwIJim1JbAZVOFuQ==",
      "requires": {
        "fetch-blob": "2.1.2",
        "form-data-encoder": "1.4.0",
        "node-domexception": "1.0.0"
      }
    },
    "node-domexception": {
      "version": "1.0.0",
      "resolved": "https://registry.npmjs.org/node-domexception/-/node-domexception-1.0.0.tgz",
      "integrity": "sha512-/jKZoMpw0F8GRwl4/eLROPA3cfcXtLApP0QzLmUT/HuPCZWyB7IY9ZrMeKw2O/nFIqPQB3PVM9aYm0F312AXDQ=="
    },
    "typescript": {
      "version": "4.3.5",
      "resolved": "https://registry.npmjs.org/typescript/-/typescript-4.3.5.tgz",
      "integrity": "sha512-DqQgihaQ9cUrskJo9kIyW/+g0Vxsk8cDtZ52a3NGh0YNTfpUSArXSohyUGnvbPazEPLu398C0UxmKSOrPumUzA==",
      "dev": true
    },
    "undici": {
      "version": "4.3.1",
      "resolved": "https://registry.npmjs.org/undici/-/undici-4.3.1.tgz",
      "integrity": "sha512-Oy61gPuXBE4Em/1t8QeKOSHGSqbPHLW1iRbCztbyHuKusz5j7d7b4Z9Xi8b7yFqHyCNe57SSDjBgmSUjfPCymw=="
    },
    "undici-fetch": {
      "version": "1.0.0-rc.4",
      "resolved": "https://registry.npmjs.org/undici-fetch/-/undici-fetch-1.0.0-rc.4.tgz",
      "integrity": "sha512-+F9lSstpd0YJkBBAMe1UXlUVeadsd/AJrB0643smYHcKAdwCtoBVWfoFO0ibk1sA1BEFH7himsWC5aHLomGK0g==",
      "requires": {
        "undici": "^4.0.0"
      }
    }
  }
}
